{
  "name": "solid-lsh",
  "version": "1.0.0",
  "lockfileVersion": 3,
  "requires": true,
  "packages": {
    "": {
      "name": "solid-lsh",
      "version": "1.0.0",
      "license": "ISC",
      "dependencies": {
        "minhash": "^0.0.9"
      }
    },
    "node_modules/minhash": {
      "version": "0.0.9",
      "resolved": "https://registry.npmjs.org/minhash/-/minhash-0.0.9.tgz",
      "integrity": "sha512-Rs0iOE6oJwvMN2CrsNvdCMkpo0Lzh7wmTZAVH6j550n0VeqxfVhQe0lV8Ay4bmXC5ATZmihq9YbZ/n6cf6kP7A=="
    }
  }
}
